
Microsoft Visual Studio Solution File, Format Version 12.00
# Visual Studio Version 16
VisualStudioVersion = 16.0.29318.209
MinimumVisualStudioVersion = 10.0.40219.1
Project("{8BC9CEB8-8B4A-11D0-8D11-00A0C91BC942}") = "lab1", "lab1\lab1.vcxproj", "{0C748E63-06DF-4608-97A9-F4BAB0057737}"
EndProject
Project("{FAE04EC0-301F-11D3-BF4B-00C04F79EFBC}") = "Labor1", "Labor1\Labor1.csproj", "{C1D7CE2D-7475-4F20-BCAB-300BB76DC770}"
EndProject
Global
	GlobalSection(SolutionConfigurationPlatforms) = preSolution
		Debug|Any CPU = Debug|Any CPU
		Debug|x64 = Debug|x64
		Debug|x86 = Debug|x86
		Release|Any CPU = Release|Any CPU
		Release|x64 = Release|x64
		Release|x86 = Release|x86
	EndGlobalSection
	GlobalSection(ProjectConfigurationPlatforms) = postSolution
		{0C748E63-06DF-4608-97A9-F4BAB0057737}.Debug|Any CPU.ActiveCfg = Debug|Win32
		{0C748E63-06DF-4608-97A9-F4BAB0057737}.Debug|x64.ActiveCfg = Debug|x64
		{0C748E63-06DF-4608-97A9-F4BAB0057737}.Debug|x64.Build.0 = Debug|x64
		{0C748E63-06DF-4608-97A9-F4BAB0057737}.Debug|x86.ActiveCfg = Debug|Win32
		{0C748E63-06DF-4608-97A9-F4BAB0057737}.Debug|x86.Build.0 = Debug|Win32
		{0C748E63-06DF-4608-97A9-F4BAB0057737}.Release|Any CPU.ActiveCfg = Release|Win32
		{0C748E63-06DF-4608-97A9-F4BAB0057737}.Release|x64.ActiveCfg = Release|x64
		{0C748E63-06DF-4608-97A9-F4BAB0057737}.Release|x64.Build.0 = Release|x64
		{0C748E63-06DF-4608-97A9-F4BAB0057737}.Release|x86.ActiveCfg = Release|Win32
		{0C748E63-06DF-4608-97A9-F4BAB0057737}.Release|x86.Build.0 = Release|Win32
		{C1D7CE2D-7475-4F20-BCAB-300BB76DC770}.Debug|Any CPU.ActiveCfg = Debug|Any CPU
		{C1D7CE2D-7475-4F20-BCAB-300BB76DC770}.Debug|Any CPU.Build.0 = Debug|Any CPU
		{C1D7CE2D-7475-4F20-BCAB-300BB76DC770}.Debug|x64.ActiveCfg = Debug|Any CPU
		{C1D7CE2D-7475-4F20-BCAB-300BB76DC770}.Debug|x64.Build.0 = Debug|Any CPU
		{C1D7CE2D-7475-4F20-BCAB-300BB76DC770}.Debug|x86.ActiveCfg = Debug|Any CPU
		{C1D7CE2D-7475-4F20-BCAB-300BB76DC770}.Debug|x86.Build.0 = Debug|Any CPU
		{C1D7CE2D-7475-4F20-BCAB-300BB76DC770}.Release|Any CPU.ActiveCfg = Release|Any CPU
		{C1D7CE2D-7475-4F20-BCAB-300BB76DC770}.Release|Any CPU.Build.0 = Release|Any CPU
		{C1D7CE2D-7475-4F20-BCAB-300BB76DC770}.Release|x64.ActiveCfg = Release|Any CPU
		{C1D7CE2D-7475-4F20-BCAB-300BB76DC770}.Release|x64.Build.0 = Release|Any CPU
		{C1D7CE2D-7475-4F20-BCAB-300BB76DC770}.Release|x86.ActiveCfg = Release|Any CPU
		{C1D7CE2D-7475-4F20-BCAB-300BB76DC770}.Release|x86.Build.0 = Release|Any CPU
	EndGlobalSection
	GlobalSection(SolutionProperties) = preSolution
		HideSolutionNode = FALSE
	EndGlobalSection
	GlobalSection(ExtensibilityGlobals) = postSolution
		SolutionGuid = {CB49E20B-2EBF-46B1-9599-AD988FC372AD}
	EndGlobalSection
EndGlobal
